
Microsoft Visual Studio Solution File, Format Version 12.00
# Visual Studio Version 17
VisualStudioVersion = 17.7.34031.279
MinimumVisualStudioVersion = 10.0.40219.1
Project("{FAE04EC0-301F-11D3-BF4B-00C04F79EFBC}") = "Kalkulacka", "Kalkulacka\Kalkulacka.csproj", "{97665244-781D-4E59-8D72-BBA26FC22FB0}"
EndProject
Project("{FAE04EC0-301F-11D3-BF4B-00C04F79EFBC}") = "Kalkulacka.Tests", "Kalkulacka.Tests\Kalkulacka.Tests.csproj", "{F92E0C24-9413-4F2C-B2A2-2D503C5FF8E4}"
EndProject
Global
	GlobalSection(SolutionConfigurationPlatforms) = preSolution
		Debug|Any CPU = Debug|Any CPU
		Release|Any CPU = Release|Any CPU
	EndGlobalSection
	GlobalSection(ProjectConfigurationPlatforms) = postSolution
		{97665244-781D-4E59-8D72-BBA26FC22FB0}.Debug|Any CPU.ActiveCfg = Debug|Any CPU
		{97665244-781D-4E59-8D72-BBA26FC22FB0}.Debug|Any CPU.Build.0 = Debug|Any CPU
		{97665244-781D-4E59-8D72-BBA26FC22FB0}.Release|Any CPU.ActiveCfg = Release|Any CPU
		{97665244-781D-4E59-8D72-BBA26FC22FB0}.Release|Any CPU.Build.0 = Release|Any CPU
		{F92E0C24-9413-4F2C-B2A2-2D503C5FF8E4}.Debug|Any CPU.ActiveCfg = Debug|Any CPU
		{F92E0C24-9413-4F2C-B2A2-2D503C5FF8E4}.Debug|Any CPU.Build.0 = Debug|Any CPU
		{F92E0C24-9413-4F2C-B2A2-2D503C5FF8E4}.Release|Any CPU.ActiveCfg = Release|Any CPU
		{F92E0C24-9413-4F2C-B2A2-2D503C5FF8E4}.Release|Any CPU.Build.0 = Release|Any CPU
	EndGlobalSection
	GlobalSection(SolutionProperties) = preSolution
		HideSolutionNode = FALSE
	EndGlobalSection
	GlobalSection(ExtensibilityGlobals) = postSolution
		SolutionGuid = {D3223E65-BE6A-4021-98D6-D8DE303C7A22}
	EndGlobalSection
EndGlobal
